
Microsoft Visual Studio Solution File, Format Version 12.00
# Visual Studio Version 16
VisualStudioVersion = 16.0.30503.244
MinimumVisualStudioVersion = 10.0.40219.1
Project("{FAE04EC0-301F-11D3-BF4B-00C04F79EFBC}") = "Stealer", "Stealer\Stealer.csproj", "{5FB39072-0D01-4A16-AA2E-B94D7BFFD029}"
EndProject
Project("{FAE04EC0-301F-11D3-BF4B-00C04F79EFBC}") = "AuthorProblem", "AuthorProblem\AuthorProblem.csproj", "{9EC9D6DC-D186-46D0-8DE7-EBC8936200F7}"
EndProject
Global
	GlobalSection(SolutionConfigurationPlatforms) = preSolution
		Debug|Any CPU = Debug|Any CPU
		Release|Any CPU = Release|Any CPU
	EndGlobalSection
	GlobalSection(ProjectConfigurationPlatforms) = postSolution
		{5FB39072-0D01-4A16-AA2E-B94D7BFFD029}.Debug|Any CPU.ActiveCfg = Debug|Any CPU
		{5FB39072-0D01-4A16-AA2E-B94D7BFFD029}.Debug|Any CPU.Build.0 = Debug|Any CPU
		{5FB39072-0D01-4A16-AA2E-B94D7BFFD029}.Release|Any CPU.ActiveCfg = Release|Any CPU
		{5FB39072-0D01-4A16-AA2E-B94D7BFFD029}.Release|Any CPU.Build.0 = Release|Any CPU
		{9EC9D6DC-D186-46D0-8DE7-EBC8936200F7}.Debug|Any CPU.ActiveCfg = Debug|Any CPU
		{9EC9D6DC-D186-46D0-8DE7-EBC8936200F7}.Debug|Any CPU.Build.0 = Debug|Any CPU
		{9EC9D6DC-D186-46D0-8DE7-EBC8936200F7}.Release|Any CPU.ActiveCfg = Release|Any CPU
		{9EC9D6DC-D186-46D0-8DE7-EBC8936200F7}.Release|Any CPU.Build.0 = Release|Any CPU
	EndGlobalSection
	GlobalSection(SolutionProperties) = preSolution
		HideSolutionNode = FALSE
	EndGlobalSection
	GlobalSection(ExtensibilityGlobals) = postSolution
		SolutionGuid = {97FB55AD-F3D3-466B-BFC7-6EB63B060837}
	EndGlobalSection
EndGlobal
