
Microsoft Visual Studio Solution File, Format Version 12.00
# Visual Studio Version 16
VisualStudioVersion = 16.0.30503.244
MinimumVisualStudioVersion = 10.0.40219.1
Project("{FAE04EC0-301F-11D3-BF4B-00C04F79EFBC}") = "PrototypePatternDemo", "PrototypePatternDemo\PrototypePatternDemo.csproj", "{AA6793C1-0710-46C3-8AD1-3C6D37E96F33}"
EndProject
Global
	GlobalSection(SolutionConfigurationPlatforms) = preSolution
		Debug|Any CPU = Debug|Any CPU
		Release|Any CPU = Release|Any CPU
	EndGlobalSection
	GlobalSection(ProjectConfigurationPlatforms) = postSolution
		{AA6793C1-0710-46C3-8AD1-3C6D37E96F33}.Debug|Any CPU.ActiveCfg = Debug|Any CPU
		{AA6793C1-0710-46C3-8AD1-3C6D37E96F33}.Debug|Any CPU.Build.0 = Debug|Any CPU
		{AA6793C1-0710-46C3-8AD1-3C6D37E96F33}.Release|Any CPU.ActiveCfg = Release|Any CPU
		{AA6793C1-0710-46C3-8AD1-3C6D37E96F33}.Release|Any CPU.Build.0 = Release|Any CPU
	EndGlobalSection
	GlobalSection(SolutionProperties) = preSolution
		HideSolutionNode = FALSE
	EndGlobalSection
	GlobalSection(ExtensibilityGlobals) = postSolution
		SolutionGuid = {A0B75541-B218-42B6-9E57-85811C6F63A4}
	EndGlobalSection
EndGlobal
