
Microsoft Visual Studio Solution File, Format Version 12.00
# Visual Studio Version 16
VisualStudioVersion = 16.0.30503.244
MinimumVisualStudioVersion = 10.0.40219.1
Project("{FAE04EC0-301F-11D3-BF4B-00C04F79EFBC}") = "SqareRoot", "SqareRoot\SqareRoot.csproj", "{D61ED913-E1B1-48EF-92C7-8AC1E7275034}"
EndProject
Project("{FAE04EC0-301F-11D3-BF4B-00C04F79EFBC}") = "EnterNumbers", "EnterNumbers\EnterNumbers.csproj", "{73C5F98C-9398-4408-97E4-769BE27E2C97}"
EndProject
Project("{FAE04EC0-301F-11D3-BF4B-00C04F79EFBC}") = "Fixing", "Fixing\Fixing.csproj", "{EF555537-50AE-4CD3-8ACD-2917C4A515EB}"
EndProject
Project("{FAE04EC0-301F-11D3-BF4B-00C04F79EFBC}") = "FixingVol2", "FixingVol2\FixingVol2.csproj", "{76E556E0-E807-4342-AEE0-28346012180C}"
EndProject
Project("{FAE04EC0-301F-11D3-BF4B-00C04F79EFBC}") = "ConvertToDouble", "ConvertToDouble\ConvertToDouble.csproj", "{B8BAE897-DADA-4ACB-A52F-06FDB4BAA1E0}"
EndProject
Project("{FAE04EC0-301F-11D3-BF4B-00C04F79EFBC}") = "ValidPerson", "ValidPerson\ValidPerson.csproj", "{4D678D35-8447-4F08-9FAA-777FD4FE9966}"
EndProject
Global
	GlobalSection(SolutionConfigurationPlatforms) = preSolution
		Debug|Any CPU = Debug|Any CPU
		Release|Any CPU = Release|Any CPU
	EndGlobalSection
	GlobalSection(ProjectConfigurationPlatforms) = postSolution
		{D61ED913-E1B1-48EF-92C7-8AC1E7275034}.Debug|Any CPU.ActiveCfg = Debug|Any CPU
		{D61ED913-E1B1-48EF-92C7-8AC1E7275034}.Debug|Any CPU.Build.0 = Debug|Any CPU
		{D61ED913-E1B1-48EF-92C7-8AC1E7275034}.Release|Any CPU.ActiveCfg = Release|Any CPU
		{D61ED913-E1B1-48EF-92C7-8AC1E7275034}.Release|Any CPU.Build.0 = Release|Any CPU
		{73C5F98C-9398-4408-97E4-769BE27E2C97}.Debug|Any CPU.ActiveCfg = Debug|Any CPU
		{73C5F98C-9398-4408-97E4-769BE27E2C97}.Debug|Any CPU.Build.0 = Debug|Any CPU
		{73C5F98C-9398-4408-97E4-769BE27E2C97}.Release|Any CPU.ActiveCfg = Release|Any CPU
		{73C5F98C-9398-4408-97E4-769BE27E2C97}.Release|Any CPU.Build.0 = Release|Any CPU
		{EF555537-50AE-4CD3-8ACD-2917C4A515EB}.Debug|Any CPU.ActiveCfg = Debug|Any CPU
		{EF555537-50AE-4CD3-8ACD-2917C4A515EB}.Debug|Any CPU.Build.0 = Debug|Any CPU
		{EF555537-50AE-4CD3-8ACD-2917C4A515EB}.Release|Any CPU.ActiveCfg = Release|Any CPU
		{EF555537-50AE-4CD3-8ACD-2917C4A515EB}.Release|Any CPU.Build.0 = Release|Any CPU
		{76E556E0-E807-4342-AEE0-28346012180C}.Debug|Any CPU.ActiveCfg = Debug|Any CPU
		{76E556E0-E807-4342-AEE0-28346012180C}.Debug|Any CPU.Build.0 = Debug|Any CPU
		{76E556E0-E807-4342-AEE0-28346012180C}.Release|Any CPU.ActiveCfg = Release|Any CPU
		{76E556E0-E807-4342-AEE0-28346012180C}.Release|Any CPU.Build.0 = Release|Any CPU
		{B8BAE897-DADA-4ACB-A52F-06FDB4BAA1E0}.Debug|Any CPU.ActiveCfg = Debug|Any CPU
		{B8BAE897-DADA-4ACB-A52F-06FDB4BAA1E0}.Debug|Any CPU.Build.0 = Debug|Any CPU
		{B8BAE897-DADA-4ACB-A52F-06FDB4BAA1E0}.Release|Any CPU.ActiveCfg = Release|Any CPU
		{B8BAE897-DADA-4ACB-A52F-06FDB4BAA1E0}.Release|Any CPU.Build.0 = Release|Any CPU
		{4D678D35-8447-4F08-9FAA-777FD4FE9966}.Debug|Any CPU.ActiveCfg = Debug|Any CPU
		{4D678D35-8447-4F08-9FAA-777FD4FE9966}.Debug|Any CPU.Build.0 = Debug|Any CPU
		{4D678D35-8447-4F08-9FAA-777FD4FE9966}.Release|Any CPU.ActiveCfg = Release|Any CPU
		{4D678D35-8447-4F08-9FAA-777FD4FE9966}.Release|Any CPU.Build.0 = Release|Any CPU
	EndGlobalSection
	GlobalSection(SolutionProperties) = preSolution
		HideSolutionNode = FALSE
	EndGlobalSection
	GlobalSection(ExtensibilityGlobals) = postSolution
		SolutionGuid = {0C6EA9D3-E18D-4262-9B64-8A4BAEF9A42B}
	EndGlobalSection
EndGlobal
