
Microsoft Visual Studio Solution File, Format Version 12.00
# Visual Studio Version 16
VisualStudioVersion = 16.0.30503.244
MinimumVisualStudioVersion = 10.0.40219.1
Project("{FAE04EC0-301F-11D3-BF4B-00C04F79EFBC}") = "Farm", "SingleInheritance\Farm.csproj", "{0DCC6249-E00D-45AF-8FCE-12D8B314B5B2}"
EndProject
Project("{FAE04EC0-301F-11D3-BF4B-00C04F79EFBC}") = "MultipleInheritance", "MultipleInheritance\MultipleInheritance.csproj", "{E35AD238-61A7-495C-919D-30F889F9B395}"
EndProject
Project("{FAE04EC0-301F-11D3-BF4B-00C04F79EFBC}") = "HierarchicalInheritance", "HierarchicalInheritance\HierarchicalInheritance.csproj", "{D96ECC06-4795-4BC8-937E-B1860AAF7B3B}"
EndProject
Project("{FAE04EC0-301F-11D3-BF4B-00C04F79EFBC}") = "CustomRandomList", "CustomRandomList\CustomRandomList.csproj", "{A77C2E21-9941-4696-B25F-D91AE38A2D19}"
EndProject
Project("{FAE04EC0-301F-11D3-BF4B-00C04F79EFBC}") = "CustomStack", "CustomStack\CustomStack.csproj", "{D306ED24-6D01-4CF0-A55C-D05C8683EE1E}"
EndProject
Global
	GlobalSection(SolutionConfigurationPlatforms) = preSolution
		Debug|Any CPU = Debug|Any CPU
		Release|Any CPU = Release|Any CPU
	EndGlobalSection
	GlobalSection(ProjectConfigurationPlatforms) = postSolution
		{0DCC6249-E00D-45AF-8FCE-12D8B314B5B2}.Debug|Any CPU.ActiveCfg = Debug|Any CPU
		{0DCC6249-E00D-45AF-8FCE-12D8B314B5B2}.Debug|Any CPU.Build.0 = Debug|Any CPU
		{0DCC6249-E00D-45AF-8FCE-12D8B314B5B2}.Release|Any CPU.ActiveCfg = Release|Any CPU
		{0DCC6249-E00D-45AF-8FCE-12D8B314B5B2}.Release|Any CPU.Build.0 = Release|Any CPU
		{E35AD238-61A7-495C-919D-30F889F9B395}.Debug|Any CPU.ActiveCfg = Debug|Any CPU
		{E35AD238-61A7-495C-919D-30F889F9B395}.Debug|Any CPU.Build.0 = Debug|Any CPU
		{E35AD238-61A7-495C-919D-30F889F9B395}.Release|Any CPU.ActiveCfg = Release|Any CPU
		{E35AD238-61A7-495C-919D-30F889F9B395}.Release|Any CPU.Build.0 = Release|Any CPU
		{D96ECC06-4795-4BC8-937E-B1860AAF7B3B}.Debug|Any CPU.ActiveCfg = Debug|Any CPU
		{D96ECC06-4795-4BC8-937E-B1860AAF7B3B}.Debug|Any CPU.Build.0 = Debug|Any CPU
		{D96ECC06-4795-4BC8-937E-B1860AAF7B3B}.Release|Any CPU.ActiveCfg = Release|Any CPU
		{D96ECC06-4795-4BC8-937E-B1860AAF7B3B}.Release|Any CPU.Build.0 = Release|Any CPU
		{A77C2E21-9941-4696-B25F-D91AE38A2D19}.Debug|Any CPU.ActiveCfg = Debug|Any CPU
		{A77C2E21-9941-4696-B25F-D91AE38A2D19}.Debug|Any CPU.Build.0 = Debug|Any CPU
		{A77C2E21-9941-4696-B25F-D91AE38A2D19}.Release|Any CPU.ActiveCfg = Release|Any CPU
		{A77C2E21-9941-4696-B25F-D91AE38A2D19}.Release|Any CPU.Build.0 = Release|Any CPU
		{D306ED24-6D01-4CF0-A55C-D05C8683EE1E}.Debug|Any CPU.ActiveCfg = Debug|Any CPU
		{D306ED24-6D01-4CF0-A55C-D05C8683EE1E}.Debug|Any CPU.Build.0 = Debug|Any CPU
		{D306ED24-6D01-4CF0-A55C-D05C8683EE1E}.Release|Any CPU.ActiveCfg = Release|Any CPU
		{D306ED24-6D01-4CF0-A55C-D05C8683EE1E}.Release|Any CPU.Build.0 = Release|Any CPU
	EndGlobalSection
	GlobalSection(SolutionProperties) = preSolution
		HideSolutionNode = FALSE
	EndGlobalSection
	GlobalSection(ExtensibilityGlobals) = postSolution
		SolutionGuid = {798516D8-9E04-476A-83E1-ACBA8A34A5B6}
	EndGlobalSection
EndGlobal
