
Microsoft Visual Studio Solution File, Format Version 12.00
# Visual Studio Version 16
VisualStudioVersion = 16.0.30503.244
MinimumVisualStudioVersion = 10.0.40219.1
Project("{9A19103F-16F7-4668-BE54-9A1E7A4F7556}") = "Operation", "Operations\Operation.csproj", "{6DBE02B7-DEA5-4ED6-A809-E3929477E87C}"
EndProject
Project("{FAE04EC0-301F-11D3-BF4B-00C04F79EFBC}") = "Animals", "Animals\Animals.csproj", "{24191B38-C844-4312-8998-0554D2DE4AD9}"
EndProject
Project("{FAE04EC0-301F-11D3-BF4B-00C04F79EFBC}") = "Shapes", "Shapes\Shapes.csproj", "{0F97FA0A-98F2-41DF-B105-CD32329B5A47}"
EndProject
Global
	GlobalSection(SolutionConfigurationPlatforms) = preSolution
		Debug|Any CPU = Debug|Any CPU
		Release|Any CPU = Release|Any CPU
	EndGlobalSection
	GlobalSection(ProjectConfigurationPlatforms) = postSolution
		{6DBE02B7-DEA5-4ED6-A809-E3929477E87C}.Debug|Any CPU.ActiveCfg = Debug|Any CPU
		{6DBE02B7-DEA5-4ED6-A809-E3929477E87C}.Debug|Any CPU.Build.0 = Debug|Any CPU
		{6DBE02B7-DEA5-4ED6-A809-E3929477E87C}.Release|Any CPU.ActiveCfg = Release|Any CPU
		{6DBE02B7-DEA5-4ED6-A809-E3929477E87C}.Release|Any CPU.Build.0 = Release|Any CPU
		{24191B38-C844-4312-8998-0554D2DE4AD9}.Debug|Any CPU.ActiveCfg = Debug|Any CPU
		{24191B38-C844-4312-8998-0554D2DE4AD9}.Debug|Any CPU.Build.0 = Debug|Any CPU
		{24191B38-C844-4312-8998-0554D2DE4AD9}.Release|Any CPU.ActiveCfg = Release|Any CPU
		{24191B38-C844-4312-8998-0554D2DE4AD9}.Release|Any CPU.Build.0 = Release|Any CPU
		{0F97FA0A-98F2-41DF-B105-CD32329B5A47}.Debug|Any CPU.ActiveCfg = Debug|Any CPU
		{0F97FA0A-98F2-41DF-B105-CD32329B5A47}.Debug|Any CPU.Build.0 = Debug|Any CPU
		{0F97FA0A-98F2-41DF-B105-CD32329B5A47}.Release|Any CPU.ActiveCfg = Release|Any CPU
		{0F97FA0A-98F2-41DF-B105-CD32329B5A47}.Release|Any CPU.Build.0 = Release|Any CPU
	EndGlobalSection
	GlobalSection(SolutionProperties) = preSolution
		HideSolutionNode = FALSE
	EndGlobalSection
	GlobalSection(ExtensibilityGlobals) = postSolution
		SolutionGuid = {7CF767D7-F5DE-4336-A143-0295C235C861}
	EndGlobalSection
EndGlobal
